// !$*UTF8*$!
{
	archiveVersion = 1;
	classes = {
	};
	objectVersion = 55;
	objects = {

/* Begin PBXBuildFile section */
		302A1FC827182B320032F4DE /* MacroPowerRangerApp.swift in Sources */ = {isa = PBXBuildFile; fileRef = 302A1FC727182B320032F4DE /* MacroPowerRangerApp.swift */; };
		302A1FCA27182B320032F4DE /* ContentView.swift in Sources */ = {isa = PBXBuildFile; fileRef = 302A1FC927182B320032F4DE /* ContentView.swift */; };
		302A1FCC27182B340032F4DE /* Assets.xcassets in Resources */ = {isa = PBXBuildFile; fileRef = 302A1FCB27182B340032F4DE /* Assets.xcassets */; };
		302A1FCF27182B340032F4DE /* Preview Assets.xcassets in Resources */ = {isa = PBXBuildFile; fileRef = 302A1FCE27182B340032F4DE /* Preview Assets.xcassets */; };
		302A1FE3271D792E0032F4DE /* Palette.png in Resources */ = {isa = PBXBuildFile; fileRef = 302A1FE1271D792E0032F4DE /* Palette.png */; };
		302A1FE4271D792E0032F4DE /* helicopter.dae in Resources */ = {isa = PBXBuildFile; fileRef = 302A1FE2271D792E0032F4DE /* helicopter.dae */; };
		302A1FE6271D79680032F4DE /* helicopter.scn in Resources */ = {isa = PBXBuildFile; fileRef = 302A1FE5271D79680032F4DE /* helicopter.scn */; };
		302A1FED272171D30032F4DE /* CourseModel.swift in Sources */ = {isa = PBXBuildFile; fileRef = 302A1FEC272171D20032F4DE /* CourseModel.swift */; };
		302A1FEF272171DC0032F4DE /* MaterialModel.swift in Sources */ = {isa = PBXBuildFile; fileRef = 302A1FEE272171DC0032F4DE /* MaterialModel.swift */; };
		302A1FF1272174AE0032F4DE /* CourseSampleData.swift in Sources */ = {isa = PBXBuildFile; fileRef = 302A1FF0272174AE0032F4DE /* CourseSampleData.swift */; };
		304FD0272728121400E45C39 /* LearningPageView.swift in Sources */ = {isa = PBXBuildFile; fileRef = 304FD0262728121400E45C39 /* LearningPageView.swift */; };
		304FD0292728123300E45C39 /* MaterialSnapPickerView.swift in Sources */ = {isa = PBXBuildFile; fileRef = 304FD0282728123300E45C39 /* MaterialSnapPickerView.swift */; };
		30D4AB9C27293C8600956F30 /* Animations.swift in Sources */ = {isa = PBXBuildFile; fileRef = 30D4AB9B27293C8600956F30 /* Animations.swift */; };
		A01547602726A24C00947521 /* CourseCellView.swift in Sources */ = {isa = PBXBuildFile; fileRef = A015475F2726A24C00947521 /* CourseCellView.swift */; };
		A01547622726A44600947521 /* CourseListView.swift in Sources */ = {isa = PBXBuildFile; fileRef = A01547612726A44600947521 /* CourseListView.swift */; };
		A03C5FFB2722C9720014FD2C /* CourseListViewModel.swift in Sources */ = {isa = PBXBuildFile; fileRef = A03C5FFA2722C9720014FD2C /* CourseListViewModel.swift */; };
		A03C5FFD2722CB250014FD2C /* LearningPageViewModel.swift in Sources */ = {isa = PBXBuildFile; fileRef = A03C5FFC2722CB250014FD2C /* LearningPageViewModel.swift */; };
		A0F37F8E271D4C16002A4087 /* LearnView.swift in Sources */ = {isa = PBXBuildFile; fileRef = A0F37F8D271D4C16002A4087 /* LearnView.swift */; };
		A0F412832727F171009B8569 /* ColorHex.swift in Sources */ = {isa = PBXBuildFile; fileRef = A0F412822727F171009B8569 /* ColorHex.swift */; };
		A0F412882727F61A009B8569 /* MainView.swift in Sources */ = {isa = PBXBuildFile; fileRef = A0F412872727F61A009B8569 /* MainView.swift */; };
/* End PBXBuildFile section */

/* Begin PBXFileReference section */
		302A1FC427182B320032F4DE /* MacroPowerRanger.app */ = {isa = PBXFileReference; explicitFileType = wrapper.application; includeInIndex = 0; path = MacroPowerRanger.app; sourceTree = BUILT_PRODUCTS_DIR; };
		302A1FC727182B320032F4DE /* MacroPowerRangerApp.swift */ = {isa = PBXFileReference; lastKnownFileType = sourcecode.swift; path = MacroPowerRangerApp.swift; sourceTree = "<group>"; };
		302A1FC927182B320032F4DE /* ContentView.swift */ = {isa = PBXFileReference; lastKnownFileType = sourcecode.swift; path = ContentView.swift; sourceTree = "<group>"; };
		302A1FCB27182B340032F4DE /* Assets.xcassets */ = {isa = PBXFileReference; lastKnownFileType = folder.assetcatalog; path = Assets.xcassets; sourceTree = "<group>"; };
		302A1FCE27182B340032F4DE /* Preview Assets.xcassets */ = {isa = PBXFileReference; lastKnownFileType = folder.assetcatalog; path = "Preview Assets.xcassets"; sourceTree = "<group>"; };
		302A1FE1271D792E0032F4DE /* Palette.png */ = {isa = PBXFileReference; lastKnownFileType = image.png; path = Palette.png; sourceTree = "<group>"; };
		302A1FE2271D792E0032F4DE /* helicopter.dae */ = {isa = PBXFileReference; fileEncoding = 4; lastKnownFileType = text.xml.dae; path = helicopter.dae; sourceTree = "<group>"; };
		302A1FE5271D79680032F4DE /* helicopter.scn */ = {isa = PBXFileReference; lastKnownFileType = file.bplist; path = helicopter.scn; sourceTree = "<group>"; };
		302A1FEC272171D20032F4DE /* CourseModel.swift */ = {isa = PBXFileReference; lastKnownFileType = sourcecode.swift; path = CourseModel.swift; sourceTree = "<group>"; };
		302A1FEE272171DC0032F4DE /* MaterialModel.swift */ = {isa = PBXFileReference; lastKnownFileType = sourcecode.swift; path = MaterialModel.swift; sourceTree = "<group>"; };
		302A1FF0272174AE0032F4DE /* CourseSampleData.swift */ = {isa = PBXFileReference; lastKnownFileType = sourcecode.swift; path = CourseSampleData.swift; sourceTree = "<group>"; };
		304FD0262728121400E45C39 /* LearningPageView.swift */ = {isa = PBXFileReference; lastKnownFileType = sourcecode.swift; path = LearningPageView.swift; sourceTree = "<group>"; };
		304FD0282728123300E45C39 /* MaterialSnapPickerView.swift */ = {isa = PBXFileReference; lastKnownFileType = sourcecode.swift; path = MaterialSnapPickerView.swift; sourceTree = "<group>"; };
		30D4AB9B27293C8600956F30 /* Animations.swift */ = {isa = PBXFileReference; lastKnownFileType = sourcecode.swift; path = Animations.swift; sourceTree = "<group>"; };
		A015475F2726A24C00947521 /* CourseCellView.swift */ = {isa = PBXFileReference; lastKnownFileType = sourcecode.swift; path = CourseCellView.swift; sourceTree = "<group>"; };
		A01547612726A44600947521 /* CourseListView.swift */ = {isa = PBXFileReference; lastKnownFileType = sourcecode.swift; path = CourseListView.swift; sourceTree = "<group>"; };
		A03C5FFA2722C9720014FD2C /* CourseListViewModel.swift */ = {isa = PBXFileReference; lastKnownFileType = sourcecode.swift; path = CourseListViewModel.swift; sourceTree = "<group>"; };
		A03C5FFC2722CB250014FD2C /* LearningPageViewModel.swift */ = {isa = PBXFileReference; lastKnownFileType = sourcecode.swift; path = LearningPageViewModel.swift; sourceTree = "<group>"; };
		A0F37F8D271D4C16002A4087 /* LearnView.swift */ = {isa = PBXFileReference; lastKnownFileType = sourcecode.swift; path = LearnView.swift; sourceTree = "<group>"; };
		A0F412822727F171009B8569 /* ColorHex.swift */ = {isa = PBXFileReference; lastKnownFileType = sourcecode.swift; path = ColorHex.swift; sourceTree = "<group>"; };
		A0F412872727F61A009B8569 /* MainView.swift */ = {isa = PBXFileReference; lastKnownFileType = sourcecode.swift; path = MainView.swift; sourceTree = "<group>"; };
/* End PBXFileReference section */

/* Begin PBXFrameworksBuildPhase section */
		302A1FC127182B320032F4DE /* Frameworks */ = {
			isa = PBXFrameworksBuildPhase;
			buildActionMask = 2147483647;
			files = (
			);
			runOnlyForDeploymentPostprocessing = 0;
		};
/* End PBXFrameworksBuildPhase section */

/* Begin PBXGroup section */
		302A1FBB27182B320032F4DE = {
			isa = PBXGroup;
			children = (
				302A1FC627182B320032F4DE /* MacroPowerRanger */,
				302A1FC527182B320032F4DE /* Products */,
			);
			sourceTree = "<group>";
		};
		302A1FC527182B320032F4DE /* Products */ = {
			isa = PBXGroup;
			children = (
				302A1FC427182B320032F4DE /* MacroPowerRanger.app */,
			);
			name = Products;
			sourceTree = "<group>";
		};
		302A1FC627182B320032F4DE /* MacroPowerRanger */ = {
			isa = PBXGroup;
			children = (
				A0F412842727F186009B8569 /* Extension */,
				302A1FD527182FD90032F4DE /* Model */,
				302A1FD627182FE50032F4DE /* View */,
				302A1FD727182FF40032F4DE /* ViewModel */,
				302A1FC727182B320032F4DE /* MacroPowerRangerApp.swift */,
				302A1FC927182B320032F4DE /* ContentView.swift */,
				30D4AB9B27293C8600956F30 /* Animations.swift */,
				302A1FCB27182B340032F4DE /* Assets.xcassets */,
				302A1FE7271D79FE0032F4DE /* 3dAsset */,
				302A1FCD27182B340032F4DE /* Preview Content */,
			);
			path = MacroPowerRanger;
			sourceTree = "<group>";
		};
		302A1FCD27182B340032F4DE /* Preview Content */ = {
			isa = PBXGroup;
			children = (
				302A1FCE27182B340032F4DE /* Preview Assets.xcassets */,
			);
			path = "Preview Content";
			sourceTree = "<group>";
		};
		302A1FD527182FD90032F4DE /* Model */ = {
			isa = PBXGroup;
			children = (
				302A1FEC272171D20032F4DE /* CourseModel.swift */,
				302A1FEE272171DC0032F4DE /* MaterialModel.swift */,
				302A1FF0272174AE0032F4DE /* CourseSampleData.swift */,
			);
			path = Model;
			sourceTree = "<group>";
		};
		302A1FD627182FE50032F4DE /* View */ = {
			isa = PBXGroup;
			children = (
				A0F37F8D271D4C16002A4087 /* LearnView.swift */,
				A015475F2726A24C00947521 /* CourseCellView.swift */,
				A01547612726A44600947521 /* CourseListView.swift */,
				A0F412872727F61A009B8569 /* MainView.swift */,
				304FD0262728121400E45C39 /* LearningPageView.swift */,
				304FD0282728123300E45C39 /* MaterialSnapPickerView.swift */,
			);
			path = View;
			sourceTree = "<group>";
		};
		302A1FD727182FF40032F4DE /* ViewModel */ = {
			isa = PBXGroup;
			children = (
				A03C5FFA2722C9720014FD2C /* CourseListViewModel.swift */,
				A03C5FFC2722CB250014FD2C /* LearningPageViewModel.swift */,
			);
			path = ViewModel;
			sourceTree = "<group>";
		};
		302A1FE7271D79FE0032F4DE /* 3dAsset */ = {
			isa = PBXGroup;
			children = (
				302A1FE2271D792E0032F4DE /* helicopter.dae */,
				302A1FE1271D792E0032F4DE /* Palette.png */,
				302A1FE5271D79680032F4DE /* helicopter.scn */,
			);
			path = 3dAsset;
			sourceTree = "<group>";
		};
		A0F412842727F186009B8569 /* Extension */ = {
			isa = PBXGroup;
			children = (
				A0F412822727F171009B8569 /* ColorHex.swift */,
			);
			path = Extension;
			sourceTree = "<group>";
		};
/* End PBXGroup section */

/* Begin PBXNativeTarget section */
		302A1FC327182B320032F4DE /* MacroPowerRanger */ = {
			isa = PBXNativeTarget;
			buildConfigurationList = 302A1FD227182B340032F4DE /* Build configuration list for PBXNativeTarget "MacroPowerRanger" */;
			buildPhases = (
				302A1FC027182B320032F4DE /* Sources */,
				302A1FC127182B320032F4DE /* Frameworks */,
				302A1FC227182B320032F4DE /* Resources */,
			);
			buildRules = (
			);
			dependencies = (
			);
			name = MacroPowerRanger;
			productName = MacroPowerRanger;
			productReference = 302A1FC427182B320032F4DE /* MacroPowerRanger.app */;
			productType = "com.apple.product-type.application";
		};
/* End PBXNativeTarget section */

/* Begin PBXProject section */
		302A1FBC27182B320032F4DE /* Project object */ = {
			isa = PBXProject;
			attributes = {
				BuildIndependentTargetsInParallel = 1;
				LastSwiftUpdateCheck = 1300;
				LastUpgradeCheck = 1300;
				TargetAttributes = {
					302A1FC327182B320032F4DE = {
						CreatedOnToolsVersion = 13.0;
					};
				};
			};
			buildConfigurationList = 302A1FBF27182B320032F4DE /* Build configuration list for PBXProject "MacroPowerRanger" */;
			compatibilityVersion = "Xcode 13.0";
			developmentRegion = en;
			hasScannedForEncodings = 0;
			knownRegions = (
				en,
				Base,
			);
			mainGroup = 302A1FBB27182B320032F4DE;
			productRefGroup = 302A1FC527182B320032F4DE /* Products */;
			projectDirPath = "";
			projectRoot = "";
			targets = (
				302A1FC327182B320032F4DE /* MacroPowerRanger */,
			);
		};
/* End PBXProject section */

/* Begin PBXResourcesBuildPhase section */
		302A1FC227182B320032F4DE /* Resources */ = {
			isa = PBXResourcesBuildPhase;
			buildActionMask = 2147483647;
			files = (
				302A1FE6271D79680032F4DE /* helicopter.scn in Resources */,
				302A1FCF27182B340032F4DE /* Preview Assets.xcassets in Resources */,
				302A1FE4271D792E0032F4DE /* helicopter.dae in Resources */,
				302A1FE3271D792E0032F4DE /* Palette.png in Resources */,
				302A1FCC27182B340032F4DE /* Assets.xcassets in Resources */,
			);
			runOnlyForDeploymentPostprocessing = 0;
		};
/* End PBXResourcesBuildPhase section */

/* Begin PBXSourcesBuildPhase section */
		302A1FC027182B320032F4DE /* Sources */ = {
			isa = PBXSourcesBuildPhase;
			buildActionMask = 2147483647;
			files = (
				302A1FCA27182B320032F4DE /* ContentView.swift in Sources */,
				A0F412882727F61A009B8569 /* MainView.swift in Sources */,
				A0F412832727F171009B8569 /* ColorHex.swift in Sources */,
				A01547602726A24C00947521 /* CourseCellView.swift in Sources */,
				A0F37F8E271D4C16002A4087 /* LearnView.swift in Sources */,
				304FD0292728123300E45C39 /* MaterialSnapPickerView.swift in Sources */,
				302A1FEF272171DC0032F4DE /* MaterialModel.swift in Sources */,
				302A1FC827182B320032F4DE /* MacroPowerRangerApp.swift in Sources */,
				302A1FED272171D30032F4DE /* CourseModel.swift in Sources */,
				A03C5FFD2722CB250014FD2C /* LearningPageViewModel.swift in Sources */,
				A03C5FFB2722C9720014FD2C /* CourseListViewModel.swift in Sources */,
				30D4AB9C27293C8600956F30 /* Animations.swift in Sources */,
				302A1FF1272174AE0032F4DE /* CourseSampleData.swift in Sources */,
				A01547622726A44600947521 /* CourseListView.swift in Sources */,
				304FD0272728121400E45C39 /* LearningPageView.swift in Sources */,
			);
			runOnlyForDeploymentPostprocessing = 0;
		};
/* End PBXSourcesBuildPhase section */

/* Begin XCBuildConfiguration section */
		302A1FD027182B340032F4DE /* Debug */ = {
			isa = XCBuildConfiguration;
			buildSettings = {
				ALWAYS_SEARCH_USER_PATHS = NO;
				CLANG_ANALYZER_NONNULL = YES;
				CLANG_ANALYZER_NUMBER_OBJECT_CONVERSION = YES_AGGRESSIVE;
				CLANG_CXX_LANGUAGE_STANDARD = "gnu++17";
				CLANG_CXX_LIBRARY = "libc++";
				CLANG_ENABLE_MODULES = YES;
				CLANG_ENABLE_OBJC_ARC = YES;
				CLANG_ENABLE_OBJC_WEAK = YES;
				CLANG_WARN_BLOCK_CAPTURE_AUTORELEASING = YES;
				CLANG_WARN_BOOL_CONVERSION = YES;
				CLANG_WARN_COMMA = YES;
				CLANG_WARN_CONSTANT_CONVERSION = YES;
				CLANG_WARN_DEPRECATED_OBJC_IMPLEMENTATIONS = YES;
				CLANG_WARN_DIRECT_OBJC_ISA_USAGE = YES_ERROR;
				CLANG_WARN_DOCUMENTATION_COMMENTS = YES;
				CLANG_WARN_EMPTY_BODY = YES;
				CLANG_WARN_ENUM_CONVERSION = YES;
				CLANG_WARN_INFINITE_RECURSION = YES;
				CLANG_WARN_INT_CONVERSION = YES;
				CLANG_WARN_NON_LITERAL_NULL_CONVERSION = YES;
				CLANG_WARN_OBJC_IMPLICIT_RETAIN_SELF = YES;
				CLANG_WARN_OBJC_LITERAL_CONVERSION = YES;
				CLANG_WARN_OBJC_ROOT_CLASS = YES_ERROR;
				CLANG_WARN_QUOTED_INCLUDE_IN_FRAMEWORK_HEADER = YES;
				CLANG_WARN_RANGE_LOOP_ANALYSIS = YES;
				CLANG_WARN_STRICT_PROTOTYPES = YES;
				CLANG_WARN_SUSPICIOUS_MOVE = YES;
				CLANG_WARN_UNGUARDED_AVAILABILITY = YES_AGGRESSIVE;
				CLANG_WARN_UNREACHABLE_CODE = YES;
				CLANG_WARN__DUPLICATE_METHOD_MATCH = YES;
				COPY_PHASE_STRIP = NO;
				DEBUG_INFORMATION_FORMAT = dwarf;
				ENABLE_STRICT_OBJC_MSGSEND = YES;
				ENABLE_TESTABILITY = YES;
				GCC_C_LANGUAGE_STANDARD = gnu11;
				GCC_DYNAMIC_NO_PIC = NO;
				GCC_NO_COMMON_BLOCKS = YES;
				GCC_OPTIMIZATION_LEVEL = 0;
				GCC_PREPROCESSOR_DEFINITIONS = (
					"DEBUG=1",
					"$(inherited)",
				);
				GCC_WARN_64_TO_32_BIT_CONVERSION = YES;
				GCC_WARN_ABOUT_RETURN_TYPE = YES_ERROR;
				GCC_WARN_UNDECLARED_SELECTOR = YES;
				GCC_WARN_UNINITIALIZED_AUTOS = YES_AGGRESSIVE;
				GCC_WARN_UNUSED_FUNCTION = YES;
				GCC_WARN_UNUSED_VARIABLE = YES;
				IPHONEOS_DEPLOYMENT_TARGET = 15.0;
				MTL_ENABLE_DEBUG_INFO = INCLUDE_SOURCE;
				MTL_FAST_MATH = YES;
				ONLY_ACTIVE_ARCH = YES;
				SDKROOT = iphoneos;
				SWIFT_ACTIVE_COMPILATION_CONDITIONS = DEBUG;
				SWIFT_OPTIMIZATION_LEVEL = "-Onone";
			};
			name = Debug;
		};
		302A1FD127182B340032F4DE /* Release */ = {
			isa = XCBuildConfiguration;
			buildSettings = {
				ALWAYS_SEARCH_USER_PATHS = NO;
				CLANG_ANALYZER_NONNULL = YES;
				CLANG_ANALYZER_NUMBER_OBJECT_CONVERSION = YES_AGGRESSIVE;
				CLANG_CXX_LANGUAGE_STANDARD = "gnu++17";
				CLANG_CXX_LIBRARY = "libc++";
				CLANG_ENABLE_MODULES = YES;
				CLANG_ENABLE_OBJC_ARC = YES;
				CLANG_ENABLE_OBJC_WEAK = YES;
				CLANG_WARN_BLOCK_CAPTURE_AUTORELEASING = YES;
				CLANG_WARN_BOOL_CONVERSION = YES;
				CLANG_WARN_COMMA = YES;
				CLANG_WARN_CONSTANT_CONVERSION = YES;
				CLANG_WARN_DEPRECATED_OBJC_IMPLEMENTATIONS = YES;
				CLANG_WARN_DIRECT_OBJC_ISA_USAGE = YES_ERROR;
				CLANG_WARN_DOCUMENTATION_COMMENTS = YES;
				CLANG_WARN_EMPTY_BODY = YES;
				CLANG_WARN_ENUM_CONVERSION = YES;
				CLANG_WARN_INFINITE_RECURSION = YES;
				CLANG_WARN_INT_CONVERSION = YES;
				CLANG_WARN_NON_LITERAL_NULL_CONVERSION = YES;
				CLANG_WARN_OBJC_IMPLICIT_RETAIN_SELF = YES;
				CLANG_WARN_OBJC_LITERAL_CONVERSION = YES;
				CLANG_WARN_OBJC_ROOT_CLASS = YES_ERROR;
				CLANG_WARN_QUOTED_INCLUDE_IN_FRAMEWORK_HEADER = YES;
				CLANG_WARN_RANGE_LOOP_ANALYSIS = YES;
				CLANG_WARN_STRICT_PROTOTYPES = YES;
				CLANG_WARN_SUSPICIOUS_MOVE = YES;
				CLANG_WARN_UNGUARDED_AVAILABILITY = YES_AGGRESSIVE;
				CLANG_WARN_UNREACHABLE_CODE = YES;
				CLANG_WARN__DUPLICATE_METHOD_MATCH = YES;
				COPY_PHASE_STRIP = NO;
				DEBUG_INFORMATION_FORMAT = "dwarf-with-dsym";
				ENABLE_NS_ASSERTIONS = NO;
				ENABLE_STRICT_OBJC_MSGSEND = YES;
				GCC_C_LANGUAGE_STANDARD = gnu11;
				GCC_NO_COMMON_BLOCKS = YES;
				GCC_WARN_64_TO_32_BIT_CONVERSION = YES;
				GCC_WARN_ABOUT_RETURN_TYPE = YES_ERROR;
				GCC_WARN_UNDECLARED_SELECTOR = YES;
				GCC_WARN_UNINITIALIZED_AUTOS = YES_AGGRESSIVE;
				GCC_WARN_UNUSED_FUNCTION = YES;
				GCC_WARN_UNUSED_VARIABLE = YES;
				IPHONEOS_DEPLOYMENT_TARGET = 15.0;
				MTL_ENABLE_DEBUG_INFO = NO;
				MTL_FAST_MATH = YES;
				SDKROOT = iphoneos;
				SWIFT_COMPILATION_MODE = wholemodule;
				SWIFT_OPTIMIZATION_LEVEL = "-O";
				VALIDATE_PRODUCT = YES;
			};
			name = Release;
		};
		302A1FD327182B340032F4DE /* Debug */ = {
			isa = XCBuildConfiguration;
			buildSettings = {
				ASSETCATALOG_COMPILER_APPICON_NAME = AppIcon;
				ASSETCATALOG_COMPILER_GLOBAL_ACCENT_COLOR_NAME = AccentColor;
				CODE_SIGN_STYLE = Automatic;
				CURRENT_PROJECT_VERSION = 1;
				DEVELOPMENT_ASSET_PATHS = "\"MacroPowerRanger/Preview Content\"";
				DEVELOPMENT_TEAM = UG27AN3F2U;
				ENABLE_PREVIEWS = YES;
				GENERATE_INFOPLIST_FILE = YES;
				INFOPLIST_KEY_UIApplicationSceneManifest_Generation = YES;
				INFOPLIST_KEY_UIApplicationSupportsIndirectInputEvents = YES;
				INFOPLIST_KEY_UILaunchScreen_Generation = YES;
				INFOPLIST_KEY_UISupportedInterfaceOrientations_iPad = "UIInterfaceOrientationPortrait UIInterfaceOrientationPortraitUpsideDown UIInterfaceOrientationLandscapeLeft UIInterfaceOrientationLandscapeRight";
				INFOPLIST_KEY_UISupportedInterfaceOrientations_iPhone = "UIInterfaceOrientationPortrait UIInterfaceOrientationLandscapeLeft UIInterfaceOrientationLandscapeRight";
				IPHONEOS_DEPLOYMENT_TARGET = 14.0;
				LD_RUNPATH_SEARCH_PATHS = (
					"$(inherited)",
					"@executable_path/Frameworks",
				);
				MARKETING_VERSION = 1.0;
				PRODUCT_BUNDLE_IDENTIFIER = RizkiMiftha.MacroPowerRanger;
				PRODUCT_NAME = "$(TARGET_NAME)";
				SWIFT_EMIT_LOC_STRINGS = YES;
				SWIFT_VERSION = 5.0;
				TARGETED_DEVICE_FAMILY = "1,2";
			};
			name = Debug;
		};
		302A1FD427182B340032F4DE /* Release */ = {
			isa = XCBuildConfiguration;
			buildSettings = {
				ASSETCATALOG_COMPILER_APPICON_NAME = AppIcon;
				ASSETCATALOG_COMPILER_GLOBAL_ACCENT_COLOR_NAME = AccentColor;
				CODE_SIGN_STYLE = Automatic;
				CURRENT_PROJECT_VERSION = 1;
				DEVELOPMENT_ASSET_PATHS = "\"MacroPowerRanger/Preview Content\"";
				DEVELOPMENT_TEAM = UG27AN3F2U;
				ENABLE_PREVIEWS = YES;
				GENERATE_INFOPLIST_FILE = YES;
				INFOPLIST_KEY_UIApplicationSceneManifest_Generation = YES;
				INFOPLIST_KEY_UIApplicationSupportsIndirectInputEvents = YES;
				INFOPLIST_KEY_UILaunchScreen_Generation = YES;
				INFOPLIST_KEY_UISupportedInterfaceOrientations_iPad = "UIInterfaceOrientationPortrait UIInterfaceOrientationPortraitUpsideDown UIInterfaceOrientationLandscapeLeft UIInterfaceOrientationLandscapeRight";
				INFOPLIST_KEY_UISupportedInterfaceOrientations_iPhone = "UIInterfaceOrientationPortrait UIInterfaceOrientationLandscapeLeft UIInterfaceOrientationLandscapeRight";
				IPHONEOS_DEPLOYMENT_TARGET = 14.0;
				LD_RUNPATH_SEARCH_PATHS = (
					"$(inherited)",
					"@executable_path/Frameworks",
				);
				MARKETING_VERSION = 1.0;
				PRODUCT_BUNDLE_IDENTIFIER = RizkiMiftha.MacroPowerRanger;
				PRODUCT_NAME = "$(TARGET_NAME)";
				SWIFT_EMIT_LOC_STRINGS = YES;
				SWIFT_VERSION = 5.0;
				TARGETED_DEVICE_FAMILY = "1,2";
			};
			name = Release;
		};
/* End XCBuildConfiguration section */

/* Begin XCConfigurationList section */
		302A1FBF27182B320032F4DE /* Build configuration list for PBXProject "MacroPowerRanger" */ = {
			isa = XCConfigurationList;
			buildConfigurations = (
				302A1FD027182B340032F4DE /* Debug */,
				302A1FD127182B340032F4DE /* Release */,
			);
			defaultConfigurationIsVisible = 0;
			defaultConfigurationName = Release;
		};
		302A1FD227182B340032F4DE /* Build configuration list for PBXNativeTarget "MacroPowerRanger" */ = {
			isa = XCConfigurationList;
			buildConfigurations = (
				302A1FD327182B340032F4DE /* Debug */,
				302A1FD427182B340032F4DE /* Release */,
			);
			defaultConfigurationIsVisible = 0;
			defaultConfigurationName = Release;
		};
/* End XCConfigurationList section */
	};
	rootObject = 302A1FBC27182B320032F4DE /* Project object */;
}
